
Microsoft Visual Studio Solution File, Format Version 12.00
# Visual Studio Version 17
VisualStudioVersion = 17.13.35931.197
MinimumVisualStudioVersion = 10.0.40219.1
Project("{FAE04EC0-301F-11D3-BF4B-00C04F79EFBC}") = "Gardula.Domain", "Gardula.Domain\Gardula.Domain.csproj", "{D87725F5-1AFD-4DAF-90DE-D25271447A33}"
EndProject
Project("{FAE04EC0-301F-11D3-BF4B-00C04F79EFBC}") = "Gardula.Application", "Gardula.Application\Gardula.Application.csproj", "{016DA278-341B-4443-9A24-A8DFD89398E4}"
EndProject
Project("{FAE04EC0-301F-11D3-BF4B-00C04F79EFBC}") = "Gardula.Infrastructure", "Gardula.Infrastructure\Gardula.Infrastructure.csproj", "{5F991DA3-3622-4B8D-ADE1-169CE60A3502}"
EndProject
Project("{FAE04EC0-301F-11D3-BF4B-00C04F79EFBC}") = "Gardula.Api", "Gardula.Api\Gardula.Api.csproj", "{20F3745C-5594-416E-B73E-75C03CC7D37A}"
EndProject
Project("{FAE04EC0-301F-11D3-BF4B-00C04F79EFBC}") = "Gardula.UnitTests", "Gardula.UnitTests\Gardula.UnitTests.csproj", "{75AA5A8B-CFEB-46EB-9E1F-127819BF9ECA}"
EndProject
Global
	GlobalSection(SolutionConfigurationPlatforms) = preSolution
		Debug|Any CPU = Debug|Any CPU
		Release|Any CPU = Release|Any CPU
	EndGlobalSection
	GlobalSection(ProjectConfigurationPlatforms) = postSolution
		{D87725F5-1AFD-4DAF-90DE-D25271447A33}.Debug|Any CPU.ActiveCfg = Debug|Any CPU
		{D87725F5-1AFD-4DAF-90DE-D25271447A33}.Debug|Any CPU.Build.0 = Debug|Any CPU
		{D87725F5-1AFD-4DAF-90DE-D25271447A33}.Release|Any CPU.ActiveCfg = Release|Any CPU
		{D87725F5-1AFD-4DAF-90DE-D25271447A33}.Release|Any CPU.Build.0 = Release|Any CPU
		{016DA278-341B-4443-9A24-A8DFD89398E4}.Debug|Any CPU.ActiveCfg = Debug|Any CPU
		{016DA278-341B-4443-9A24-A8DFD89398E4}.Debug|Any CPU.Build.0 = Debug|Any CPU
		{016DA278-341B-4443-9A24-A8DFD89398E4}.Release|Any CPU.ActiveCfg = Release|Any CPU
		{016DA278-341B-4443-9A24-A8DFD89398E4}.Release|Any CPU.Build.0 = Release|Any CPU
		{5F991DA3-3622-4B8D-ADE1-169CE60A3502}.Debug|Any CPU.ActiveCfg = Debug|Any CPU
		{5F991DA3-3622-4B8D-ADE1-169CE60A3502}.Debug|Any CPU.Build.0 = Debug|Any CPU
		{5F991DA3-3622-4B8D-ADE1-169CE60A3502}.Release|Any CPU.ActiveCfg = Release|Any CPU
		{5F991DA3-3622-4B8D-ADE1-169CE60A3502}.Release|Any CPU.Build.0 = Release|Any CPU
		{20F3745C-5594-416E-B73E-75C03CC7D37A}.Debug|Any CPU.ActiveCfg = Debug|Any CPU
		{20F3745C-5594-416E-B73E-75C03CC7D37A}.Debug|Any CPU.Build.0 = Debug|Any CPU
		{20F3745C-5594-416E-B73E-75C03CC7D37A}.Release|Any CPU.ActiveCfg = Release|Any CPU
		{20F3745C-5594-416E-B73E-75C03CC7D37A}.Release|Any CPU.Build.0 = Release|Any CPU
		{75AA5A8B-CFEB-46EB-9E1F-127819BF9ECA}.Debug|Any CPU.ActiveCfg = Debug|Any CPU
		{75AA5A8B-CFEB-46EB-9E1F-127819BF9ECA}.Debug|Any CPU.Build.0 = Debug|Any CPU
		{75AA5A8B-CFEB-46EB-9E1F-127819BF9ECA}.Release|Any CPU.ActiveCfg = Release|Any CPU
		{75AA5A8B-CFEB-46EB-9E1F-127819BF9ECA}.Release|Any CPU.Build.0 = Release|Any CPU
	EndGlobalSection
	GlobalSection(SolutionProperties) = preSolution
		HideSolutionNode = FALSE
	EndGlobalSection
	GlobalSection(ExtensibilityGlobals) = postSolution
		SolutionGuid = {A54D1C3B-A3D6-4858-B961-E34F40F67F28}
	EndGlobalSection
EndGlobal
